
Microsoft Visual Studio Solution File, Format Version 12.00
# Visual Studio Version 17
VisualStudioVersion = 17.10.35027.167
MinimumVisualStudioVersion = 10.0.40219.1
Project("{FAE04EC0-301F-11D3-BF4B-00C04F79EFBC}") = "APIProjeKampi.WebApi", "APIProjeKampi.WebApi\APIProjeKampi.WebApi.csproj", "{374591D7-C34E-4F7D-BB55-EB2BFD79F5B4}"
EndProject
Project("{FAE04EC0-301F-11D3-BF4B-00C04F79EFBC}") = "APIProjeKampi.WebUI", "APIProjeKampi.WebUI\APIProjeKampi.WebUI.csproj", "{7EB18419-0210-459E-BE7C-229FE5370738}"
EndProject
Global
	GlobalSection(SolutionConfigurationPlatforms) = preSolution
		Debug|Any CPU = Debug|Any CPU
		Release|Any CPU = Release|Any CPU
	EndGlobalSection
	GlobalSection(ProjectConfigurationPlatforms) = postSolution
		{374591D7-C34E-4F7D-BB55-EB2BFD79F5B4}.Debug|Any CPU.ActiveCfg = Debug|Any CPU
		{374591D7-C34E-4F7D-BB55-EB2BFD79F5B4}.Debug|Any CPU.Build.0 = Debug|Any CPU
		{374591D7-C34E-4F7D-BB55-EB2BFD79F5B4}.Release|Any CPU.ActiveCfg = Release|Any CPU
		{374591D7-C34E-4F7D-BB55-EB2BFD79F5B4}.Release|Any CPU.Build.0 = Release|Any CPU
		{7EB18419-0210-459E-BE7C-229FE5370738}.Debug|Any CPU.ActiveCfg = Debug|Any CPU
		{7EB18419-0210-459E-BE7C-229FE5370738}.Debug|Any CPU.Build.0 = Debug|Any CPU
		{7EB18419-0210-459E-BE7C-229FE5370738}.Release|Any CPU.ActiveCfg = Release|Any CPU
		{7EB18419-0210-459E-BE7C-229FE5370738}.Release|Any CPU.Build.0 = Release|Any CPU
	EndGlobalSection
	GlobalSection(SolutionProperties) = preSolution
		HideSolutionNode = FALSE
	EndGlobalSection
	GlobalSection(ExtensibilityGlobals) = postSolution
		SolutionGuid = {BD39AF66-53AB-458A-86B4-7BFFF3C47870}
	EndGlobalSection
EndGlobal
